
Microsoft Visual Studio Solution File, Format Version 12.00
# Visual Studio Version 17
VisualStudioVersion = 17.10.34916.146
MinimumVisualStudioVersion = 10.0.40219.1
Project("{9A19103F-16F7-4668-BE54-9A1E7A4F7556}") = "DapperApi", "DapperApi.csproj", "{5E162BEE-A891-48FE-8E2E-45A6D2627C97}"
EndProject
Project("{9A19103F-16F7-4668-BE54-9A1E7A4F7556}") = "ClientApp", "..\ClientApp\ClientApp.csproj", "{02AAC10E-5FC5-46BE-8B28-81B486CCA002}"
EndProject
Global
	GlobalSection(SolutionConfigurationPlatforms) = preSolution
		Debug|Any CPU = Debug|Any CPU
		Release|Any CPU = Release|Any CPU
	EndGlobalSection
	GlobalSection(ProjectConfigurationPlatforms) = postSolution
		{5E162BEE-A891-48FE-8E2E-45A6D2627C97}.Debug|Any CPU.ActiveCfg = Debug|Any CPU
		{5E162BEE-A891-48FE-8E2E-45A6D2627C97}.Debug|Any CPU.Build.0 = Debug|Any CPU
		{5E162BEE-A891-48FE-8E2E-45A6D2627C97}.Release|Any CPU.ActiveCfg = Release|Any CPU
		{5E162BEE-A891-48FE-8E2E-45A6D2627C97}.Release|Any CPU.Build.0 = Release|Any CPU
		{02AAC10E-5FC5-46BE-8B28-81B486CCA002}.Debug|Any CPU.ActiveCfg = Debug|Any CPU
		{02AAC10E-5FC5-46BE-8B28-81B486CCA002}.Debug|Any CPU.Build.0 = Debug|Any CPU
		{02AAC10E-5FC5-46BE-8B28-81B486CCA002}.Release|Any CPU.ActiveCfg = Release|Any CPU
		{02AAC10E-5FC5-46BE-8B28-81B486CCA002}.Release|Any CPU.Build.0 = Release|Any CPU
	EndGlobalSection
	GlobalSection(SolutionProperties) = preSolution
		HideSolutionNode = FALSE
	EndGlobalSection
	GlobalSection(ExtensibilityGlobals) = postSolution
		SolutionGuid = {8FF1F92F-3D88-4C63-BC84-726B56C5702A}
	EndGlobalSection
EndGlobal
